// !$*UTF8*$!
{
	archiveVersion = 1;
	classes = {
	};
	objectVersion = 50;
	objects = {

/* Begin PBXBuildFile section */
		07186BCA26EC7F8A00DA846B /* AppDelegate.swift in Sources */ = {isa = PBXBuildFile; fileRef = 07186BC926EC7F8A00DA846B /* AppDelegate.swift */; };
		07186BCC26EC7F8A00DA846B /* SceneDelegate.swift in Sources */ = {isa = PBXBuildFile; fileRef = 07186BCB26EC7F8A00DA846B /* SceneDelegate.swift */; };
		07186BCE26EC7F8A00DA846B /* ViewController.swift in Sources */ = {isa = PBXBuildFile; fileRef = 07186BCD26EC7F8A00DA846B /* ViewController.swift */; };
		07186BD126EC7F8A00DA846B /* Main.storyboard in Resources */ = {isa = PBXBuildFile; fileRef = 07186BCF26EC7F8A00DA846B /* Main.storyboard */; };
		07186BD326EC7F8B00DA846B /* Assets.xcassets in Resources */ = {isa = PBXBuildFile; fileRef = 07186BD226EC7F8B00DA846B /* Assets.xcassets */; };
		07186BD626EC7F8B00DA846B /* LaunchScreen.storyboard in Resources */ = {isa = PBXBuildFile; fileRef = 07186BD426EC7F8B00DA846B /* LaunchScreen.storyboard */; };
		07186BE126EC7F8B00DA846B /* Assignment_1Tests.swift in Sources */ = {isa = PBXBuildFile; fileRef = 07186BE026EC7F8B00DA846B /* Assignment_1Tests.swift */; };
		07186BEC26EC7F8B00DA846B /* Assignment_1UITests.swift in Sources */ = {isa = PBXBuildFile; fileRef = 07186BEB26EC7F8B00DA846B /* Assignment_1UITests.swift */; };
/* End PBXBuildFile section */

/* Begin PBXContainerItemProxy section */
		07186BDD26EC7F8B00DA846B /* PBXContainerItemProxy */ = {
			isa = PBXContainerItemProxy;
			containerPortal = 07186BBE26EC7F8A00DA846B /* Project object */;
			proxyType = 1;
			remoteGlobalIDString = 07186BC526EC7F8A00DA846B;
			remoteInfo = "Assignment 1";
		};
		07186BE826EC7F8B00DA846B /* PBXContainerItemProxy */ = {
			isa = PBXContainerItemProxy;
			containerPortal = 07186BBE26EC7F8A00DA846B /* Project object */;
			proxyType = 1;
			remoteGlobalIDString = 07186BC526EC7F8A00DA846B;
			remoteInfo = "Assignment 1";
		};
/* End PBXContainerItemProxy section */

/* Begin PBXFileReference section */
		07186BC626EC7F8A00DA846B /* Assignment 1.app */ = {isa = PBXFileReference; explicitFileType = wrapper.application; includeInIndex = 0; path = "Assignment 1.app"; sourceTree = BUILT_PRODUCTS_DIR; };
		07186BC926EC7F8A00DA846B /* AppDelegate.swift */ = {isa = PBXFileReference; lastKnownFileType = sourcecode.swift; path = AppDelegate.swift; sourceTree = "<group>"; };
		07186BCB26EC7F8A00DA846B /* SceneDelegate.swift */ = {isa = PBXFileReference; lastKnownFileType = sourcecode.swift; path = SceneDelegate.swift; sourceTree = "<group>"; };
		07186BCD26EC7F8A00DA846B /* ViewController.swift */ = {isa = PBXFileReference; lastKnownFileType = sourcecode.swift; path = ViewController.swift; sourceTree = "<group>"; };
		07186BD026EC7F8A00DA846B /* Base */ = {isa = PBXFileReference; lastKnownFileType = file.storyboard; name = Base; path = Base.lproj/Main.storyboard; sourceTree = "<group>"; };
		07186BD226EC7F8B00DA846B /* Assets.xcassets */ = {isa = PBXFileReference; lastKnownFileType = folder.assetcatalog; path = Assets.xcassets; sourceTree = "<group>"; };
		07186BD526EC7F8B00DA846B /* Base */ = {isa = PBXFileReference; lastKnownFileType = file.storyboard; name = Base; path = Base.lproj/LaunchScreen.storyboard; sourceTree = "<group>"; };
		07186BD726EC7F8B00DA846B /* Info.plist */ = {isa = PBXFileReference; lastKnownFileType = text.plist.xml; path = Info.plist; sourceTree = "<group>"; };
		07186BDC26EC7F8B00DA846B /* Assignment 1Tests.xctest */ = {isa = PBXFileReference; explicitFileType = wrapper.cfbundle; includeInIndex = 0; path = "Assignment 1Tests.xctest"; sourceTree = BUILT_PRODUCTS_DIR; };
		07186BE026EC7F8B00DA846B /* Assignment_1Tests.swift */ = {isa = PBXFileReference; lastKnownFileType = sourcecode.swift; path = Assignment_1Tests.swift; sourceTree = "<group>"; };
		07186BE226EC7F8B00DA846B /* Info.plist */ = {isa = PBXFileReference; lastKnownFileType = text.plist.xml; path = Info.plist; sourceTree = "<group>"; };
		07186BE726EC7F8B00DA846B /* Assignment 1UITests.xctest */ = {isa = PBXFileReference; explicitFileType = wrapper.cfbundle; includeInIndex = 0; path = "Assignment 1UITests.xctest"; sourceTree = BUILT_PRODUCTS_DIR; };
		07186BEB26EC7F8B00DA846B /* Assignment_1UITests.swift */ = {isa = PBXFileReference; lastKnownFileType = sourcecode.swift; path = Assignment_1UITests.swift; sourceTree = "<group>"; };
		07186BED26EC7F8B00DA846B /* Info.plist */ = {isa = PBXFileReference; lastKnownFileType = text.plist.xml; path = Info.plist; sourceTree = "<group>"; };
/* End PBXFileReference section */

/* Begin PBXFrameworksBuildPhase section */
		07186BC326EC7F8A00DA846B /* Frameworks */ = {
			isa = PBXFrameworksBuildPhase;
			buildActionMask = 2147483647;
			files = (
			);
			runOnlyForDeploymentPostprocessing = 0;
		};
		07186BD926EC7F8B00DA846B /* Frameworks */ = {
			isa = PBXFrameworksBuildPhase;
			buildActionMask = 2147483647;
			files = (
			);
			runOnlyForDeploymentPostprocessing = 0;
		};
		07186BE426EC7F8B00DA846B /* Frameworks */ = {
			isa = PBXFrameworksBuildPhase;
			buildActionMask = 2147483647;
			files = (
			);
			runOnlyForDeploymentPostprocessing = 0;
		};
/* End PBXFrameworksBuildPhase section */

/* Begin PBXGroup section */
		07186BBD26EC7F8A00DA846B = {
			isa = PBXGroup;
			children = (
				07186BC826EC7F8A00DA846B /* Assignment 1 */,
				07186BDF26EC7F8B00DA846B /* Assignment 1Tests */,
				07186BEA26EC7F8B00DA846B /* Assignment 1UITests */,
				07186BC726EC7F8A00DA846B /* Products */,
			);
			sourceTree = "<group>";
		};
		07186BC726EC7F8A00DA846B /* Products */ = {
			isa = PBXGroup;
			children = (
				07186BC626EC7F8A00DA846B /* Assignment 1.app */,
				07186BDC26EC7F8B00DA846B /* Assignment 1Tests.xctest */,
				07186BE726EC7F8B00DA846B /* Assignment 1UITests.xctest */,
			);
			name = Products;
			sourceTree = "<group>";
		};
		07186BC826EC7F8A00DA846B /* Assignment 1 */ = {
			isa = PBXGroup;
			children = (
				07186BC926EC7F8A00DA846B /* AppDelegate.swift */,
				07186BCB26EC7F8A00DA846B /* SceneDelegate.swift */,
				07186BCD26EC7F8A00DA846B /* ViewController.swift */,
				07186BCF26EC7F8A00DA846B /* Main.storyboard */,
				07186BD226EC7F8B00DA846B /* Assets.xcassets */,
				07186BD426EC7F8B00DA846B /* LaunchScreen.storyboard */,
				07186BD726EC7F8B00DA846B /* Info.plist */,
			);
			path = "Assignment 1";
			sourceTree = "<group>";
		};
		07186BDF26EC7F8B00DA846B /* Assignment 1Tests */ = {
			isa = PBXGroup;
			children = (
				07186BE026EC7F8B00DA846B /* Assignment_1Tests.swift */,
				07186BE226EC7F8B00DA846B /* Info.plist */,
			);
			path = "Assignment 1Tests";
			sourceTree = "<group>";
		};
		07186BEA26EC7F8B00DA846B /* Assignment 1UITests */ = {
			isa = PBXGroup;
			children = (
				07186BEB26EC7F8B00DA846B /* Assignment_1UITests.swift */,
				07186BED26EC7F8B00DA846B /* Info.plist */,
			);
			path = "Assignment 1UITests";
			sourceTree = "<group>";
		};
/* End PBXGroup section */

/* Begin PBXNativeTarget section */
		07186BC526EC7F8A00DA846B /* Assignment 1 */ = {
			isa = PBXNativeTarget;
			buildConfigurationList = 07186BF026EC7F8B00DA846B /* Build configuration list for PBXNativeTarget "Assignment 1" */;
			buildPhases = (
				07186BC226EC7F8A00DA846B /* Sources */,
				07186BC326EC7F8A00DA846B /* Frameworks */,
				07186BC426EC7F8A00DA846B /* Resources */,
			);
			buildRules = (
			);
			dependencies = (
			);
			name = "Assignment 1";
			productName = "Assignment 1";
			productReference = 07186BC626EC7F8A00DA846B /* Assignment 1.app */;
			productType = "com.apple.product-type.application";
		};
		07186BDB26EC7F8B00DA846B /* Assignment 1Tests */ = {
			isa = PBXNativeTarget;
			buildConfigurationList = 07186BF326EC7F8B00DA846B /* Build configuration list for PBXNativeTarget "Assignment 1Tests" */;
			buildPhases = (
				07186BD826EC7F8B00DA846B /* Sources */,
				07186BD926EC7F8B00DA846B /* Frameworks */,
				07186BDA26EC7F8B00DA846B /* Resources */,
			);
			buildRules = (
			);
			dependencies = (
				07186BDE26EC7F8B00DA846B /* PBXTargetDependency */,
			);
			name = "Assignment 1Tests";
			productName = "Assignment 1Tests";
			productReference = 07186BDC26EC7F8B00DA846B /* Assignment 1Tests.xctest */;
			productType = "com.apple.product-type.bundle.unit-test";
		};
		07186BE626EC7F8B00DA846B /* Assignment 1UITests */ = {
			isa = PBXNativeTarget;
			buildConfigurationList = 07186BF626EC7F8B00DA846B /* Build configuration list for PBXNativeTarget "Assignment 1UITests" */;
			buildPhases = (
				07186BE326EC7F8B00DA846B /* Sources */,
				07186BE426EC7F8B00DA846B /* Frameworks */,
				07186BE526EC7F8B00DA846B /* Resources */,
			);
			buildRules = (
			);
			dependencies = (
				07186BE926EC7F8B00DA846B /* PBXTargetDependency */,
			);
			name = "Assignment 1UITests";
			productName = "Assignment 1UITests";
			productReference = 07186BE726EC7F8B00DA846B /* Assignment 1UITests.xctest */;
			productType = "com.apple.product-type.bundle.ui-testing";
		};
/* End PBXNativeTarget section */

/* Begin PBXProject section */
		07186BBE26EC7F8A00DA846B /* Project object */ = {
			isa = PBXProject;
			attributes = {
				LastSwiftUpdateCheck = 1200;
				LastUpgradeCheck = 1200;
				TargetAttributes = {
					07186BC526EC7F8A00DA846B = {
						CreatedOnToolsVersion = 12.0;
					};
					07186BDB26EC7F8B00DA846B = {
						CreatedOnToolsVersion = 12.0;
						TestTargetID = 07186BC526EC7F8A00DA846B;
					};
					07186BE626EC7F8B00DA846B = {
						CreatedOnToolsVersion = 12.0;
						TestTargetID = 07186BC526EC7F8A00DA846B;
					};
				};
			};
			buildConfigurationList = 07186BC126EC7F8A00DA846B /* Build configuration list for PBXProject "Assignment 1" */;
			compatibilityVersion = "Xcode 9.3";
			developmentRegion = en;
			hasScannedForEncodings = 0;
			knownRegions = (
				en,
				Base,
			);
			mainGroup = 07186BBD26EC7F8A00DA846B;
			productRefGroup = 07186BC726EC7F8A00DA846B /* Products */;
			projectDirPath = "";
			projectRoot = "";
			targets = (
				07186BC526EC7F8A00DA846B /* Assignment 1 */,
				07186BDB26EC7F8B00DA846B /* Assignment 1Tests */,
				07186BE626EC7F8B00DA846B /* Assignment 1UITests */,
			);
		};
/* End PBXProject section */

/* Begin PBXResourcesBuildPhase section */
		07186BC426EC7F8A00DA846B /* Resources */ = {
			isa = PBXResourcesBuildPhase;
			buildActionMask = 2147483647;
			files = (
				07186BD626EC7F8B00DA846B /* LaunchScreen.storyboard in Resources */,
				07186BD326EC7F8B00DA846B /* Assets.xcassets in Resources */,
				07186BD126EC7F8A00DA846B /* Main.storyboard in Resources */,
			);
			runOnlyForDeploymentPostprocessing = 0;
		};
		07186BDA26EC7F8B00DA846B /* Resources */ = {
			isa = PBXResourcesBuildPhase;
			buildActionMask = 2147483647;
			files = (
			);
			runOnlyForDeploymentPostprocessing = 0;
		};
		07186BE526EC7F8B00DA846B /* Resources */ = {
			isa = PBXResourcesBuildPhase;
			buildActionMask = 2147483647;
			files = (
			);
			runOnlyForDeploymentPostprocessing = 0;
		};
/* End PBXResourcesBuildPhase section */

/* Begin PBXSourcesBuildPhase section */
		07186BC226EC7F8A00DA846B /* Sources */ = {
			isa = PBXSourcesBuildPhase;
			buildActionMask = 2147483647;
			files = (
				07186BCE26EC7F8A00DA846B /* ViewController.swift in Sources */,
				07186BCA26EC7F8A00DA846B /* AppDelegate.swift in Sources */,
				07186BCC26EC7F8A00DA846B /* SceneDelegate.swift in Sources */,
			);
			runOnlyForDeploymentPostprocessing = 0;
		};
		07186BD826EC7F8B00DA846B /* Sources */ = {
			isa = PBXSourcesBuildPhase;
			buildActionMask = 2147483647;
			files = (
				07186BE126EC7F8B00DA846B /* Assignment_1Tests.swift in Sources */,
			);
			runOnlyForDeploymentPostprocessing = 0;
		};
		07186BE326EC7F8B00DA846B /* Sources */ = {
			isa = PBXSourcesBuildPhase;
			buildActionMask = 2147483647;
			files = (
				07186BEC26EC7F8B00DA846B /* Assignment_1UITests.swift in Sources */,
			);
			runOnlyForDeploymentPostprocessing = 0;
		};
/* End PBXSourcesBuildPhase section */

/* Begin PBXTargetDependency section */
		07186BDE26EC7F8B00DA846B /* PBXTargetDependency */ = {
			isa = PBXTargetDependency;
			target = 07186BC526EC7F8A00DA846B /* Assignment 1 */;
			targetProxy = 07186BDD26EC7F8B00DA846B /* PBXContainerItemProxy */;
		};
		07186BE926EC7F8B00DA846B /* PBXTargetDependency */ = {
			isa = PBXTargetDependency;
			target = 07186BC526EC7F8A00DA846B /* Assignment 1 */;
			targetProxy = 07186BE826EC7F8B00DA846B /* PBXContainerItemProxy */;
		};
/* End PBXTargetDependency section */

/* Begin PBXVariantGroup section */
		07186BCF26EC7F8A00DA846B /* Main.storyboard */ = {
			isa = PBXVariantGroup;
			children = (
				07186BD026EC7F8A00DA846B /* Base */,
			);
			name = Main.storyboard;
			sourceTree = "<group>";
		};
		07186BD426EC7F8B00DA846B /* LaunchScreen.storyboard */ = {
			isa = PBXVariantGroup;
			children = (
				07186BD526EC7F8B00DA846B /* Base */,
			);
			name = LaunchScreen.storyboard;
			sourceTree = "<group>";
		};
/* End PBXVariantGroup section */

/* Begin XCBuildConfiguration section */
		07186BEE26EC7F8B00DA846B /* Debug */ = {
			isa = XCBuildConfiguration;
			buildSettings = {
				ALWAYS_SEARCH_USER_PATHS = NO;
				CLANG_ANALYZER_NONNULL = YES;
				CLANG_ANALYZER_NUMBER_OBJECT_CONVERSION = YES_AGGRESSIVE;
				CLANG_CXX_LANGUAGE_STANDARD = "gnu++14";
				CLANG_CXX_LIBRARY = "libc++";
				CLANG_ENABLE_MODULES = YES;
				CLANG_ENABLE_OBJC_ARC = YES;
				CLANG_ENABLE_OBJC_WEAK = YES;
				CLANG_WARN_BLOCK_CAPTURE_AUTORELEASING = YES;
				CLANG_WARN_BOOL_CONVERSION = YES;
				CLANG_WARN_COMMA = YES;
				CLANG_WARN_CONSTANT_CONVERSION = YES;
				CLANG_WARN_DEPRECATED_OBJC_IMPLEMENTATIONS = YES;
				CLANG_WARN_DIRECT_OBJC_ISA_USAGE = YES_ERROR;
				CLANG_WARN_DOCUMENTATION_COMMENTS = YES;
				CLANG_WARN_EMPTY_BODY = YES;
				CLANG_WARN_ENUM_CONVERSION = YES;
				CLANG_WARN_INFINITE_RECURSION = YES;
				CLANG_WARN_INT_CONVERSION = YES;
				CLANG_WARN_NON_LITERAL_NULL_CONVERSION = YES;
				CLANG_WARN_OBJC_IMPLICIT_RETAIN_SELF = YES;
				CLANG_WARN_OBJC_LITERAL_CONVERSION = YES;
				CLANG_WARN_OBJC_ROOT_CLASS = YES_ERROR;
				CLANG_WARN_QUOTED_INCLUDE_IN_FRAMEWORK_HEADER = YES;
				CLANG_WARN_RANGE_LOOP_ANALYSIS = YES;
				CLANG_WARN_STRICT_PROTOTYPES = YES;
				CLANG_WARN_SUSPICIOUS_MOVE = YES;
				CLANG_WARN_UNGUARDED_AVAILABILITY = YES_AGGRESSIVE;
				CLANG_WARN_UNREACHABLE_CODE = YES;
				CLANG_WARN__DUPLICATE_METHOD_MATCH = YES;
				COPY_PHASE_STRIP = NO;
				DEBUG_INFORMATION_FORMAT = dwarf;
				ENABLE_STRICT_OBJC_MSGSEND = YES;
				ENABLE_TESTABILITY = YES;
				GCC_C_LANGUAGE_STANDARD = gnu11;
				GCC_DYNAMIC_NO_PIC = NO;
				GCC_NO_COMMON_BLOCKS = YES;
				GCC_OPTIMIZATION_LEVEL = 0;
				GCC_PREPROCESSOR_DEFINITIONS = (
					"DEBUG=1",
					"$(inherited)",
				);
				GCC_WARN_64_TO_32_BIT_CONVERSION = YES;
				GCC_WARN_ABOUT_RETURN_TYPE = YES_ERROR;
				GCC_WARN_UNDECLARED_SELECTOR = YES;
				GCC_WARN_UNINITIALIZED_AUTOS = YES_AGGRESSIVE;
				GCC_WARN_UNUSED_FUNCTION = YES;
				GCC_WARN_UNUSED_VARIABLE = YES;
				IPHONEOS_DEPLOYMENT_TARGET = 14.0;
				MTL_ENABLE_DEBUG_INFO = INCLUDE_SOURCE;
				MTL_FAST_MATH = YES;
				ONLY_ACTIVE_ARCH = YES;
				SDKROOT = iphoneos;
				SWIFT_ACTIVE_COMPILATION_CONDITIONS = DEBUG;
				SWIFT_OPTIMIZATION_LEVEL = "-Onone";
			};
			name = Debug;
		};
		07186BEF26EC7F8B00DA846B /* Release */ = {
			isa = XCBuildConfiguration;
			buildSettings = {
				ALWAYS_SEARCH_USER_PATHS = NO;
				CLANG_ANALYZER_NONNULL = YES;
				CLANG_ANALYZER_NUMBER_OBJECT_CONVERSION = YES_AGGRESSIVE;
				CLANG_CXX_LANGUAGE_STANDARD = "gnu++14";
				CLANG_CXX_LIBRARY = "libc++";
				CLANG_ENABLE_MODULES = YES;
				CLANG_ENABLE_OBJC_ARC = YES;
				CLANG_ENABLE_OBJC_WEAK = YES;
				CLANG_WARN_BLOCK_CAPTURE_AUTORELEASING = YES;
				CLANG_WARN_BOOL_CONVERSION = YES;
				CLANG_WARN_COMMA = YES;
				CLANG_WARN_CONSTANT_CONVERSION = YES;
				CLANG_WARN_DEPRECATED_OBJC_IMPLEMENTATIONS = YES;
				CLANG_WARN_DIRECT_OBJC_ISA_USAGE = YES_ERROR;
				CLANG_WARN_DOCUMENTATION_COMMENTS = YES;
				CLANG_WARN_EMPTY_BODY = YES;
				CLANG_WARN_ENUM_CONVERSION = YES;
				CLANG_WARN_INFINITE_RECURSION = YES;
				CLANG_WARN_INT_CONVERSION = YES;
				CLANG_WARN_NON_LITERAL_NULL_CONVERSION = YES;
				CLANG_WARN_OBJC_IMPLICIT_RETAIN_SELF = YES;
				CLANG_WARN_OBJC_LITERAL_CONVERSION = YES;
				CLANG_WARN_OBJC_ROOT_CLASS = YES_ERROR;
				CLANG_WARN_QUOTED_INCLUDE_IN_FRAMEWORK_HEADER = YES;
				CLANG_WARN_RANGE_LOOP_ANALYSIS = YES;
				CLANG_WARN_STRICT_PROTOTYPES = YES;
				CLANG_WARN_SUSPICIOUS_MOVE = YES;
				CLANG_WARN_UNGUARDED_AVAILABILITY = YES_AGGRESSIVE;
				CLANG_WARN_UNREACHABLE_CODE = YES;
				CLANG_WARN__DUPLICATE_METHOD_MATCH = YES;
				COPY_PHASE_STRIP = NO;
				DEBUG_INFORMATION_FORMAT = "dwarf-with-dsym";
				ENABLE_NS_ASSERTIONS = NO;
				ENABLE_STRICT_OBJC_MSGSEND = YES;
				GCC_C_LANGUAGE_STANDARD = gnu11;
				GCC_NO_COMMON_BLOCKS = YES;
				GCC_WARN_64_TO_32_BIT_CONVERSION = YES;
				GCC_WARN_ABOUT_RETURN_TYPE = YES_ERROR;
				GCC_WARN_UNDECLARED_SELECTOR = YES;
				GCC_WARN_UNINITIALIZED_AUTOS = YES_AGGRESSIVE;
				GCC_WARN_UNUSED_FUNCTION = YES;
				GCC_WARN_UNUSED_VARIABLE = YES;
				IPHONEOS_DEPLOYMENT_TARGET = 14.0;
				MTL_ENABLE_DEBUG_INFO = NO;
				MTL_FAST_MATH = YES;
				SDKROOT = iphoneos;
				SWIFT_COMPILATION_MODE = wholemodule;
				SWIFT_OPTIMIZATION_LEVEL = "-O";
				VALIDATE_PRODUCT = YES;
			};
			name = Release;
		};
		07186BF126EC7F8B00DA846B /* Debug */ = {
			isa = XCBuildConfiguration;
			buildSettings = {
				ASSETCATALOG_COMPILER_APPICON_NAME = AppIcon;
				ASSETCATALOG_COMPILER_GLOBAL_ACCENT_COLOR_NAME = AccentColor;
				CODE_SIGN_STYLE = Automatic;
				INFOPLIST_FILE = "Assignment 1/Info.plist";
				LD_RUNPATH_SEARCH_PATHS = (
					"$(inherited)",
					"@executable_path/Frameworks",
				);
				PRODUCT_BUNDLE_IDENTIFIER = "au.edu.unisa.stem.Assignment-1";
				PRODUCT_NAME = "$(TARGET_NAME)";
				SWIFT_VERSION = 5.0;
				TARGETED_DEVICE_FAMILY = "1,2";
			};
			name = Debug;
		};
		07186BF226EC7F8B00DA846B /* Release */ = {
			isa = XCBuildConfiguration;
			buildSettings = {
				ASSETCATALOG_COMPILER_APPICON_NAME = AppIcon;
				ASSETCATALOG_COMPILER_GLOBAL_ACCENT_COLOR_NAME = AccentColor;
				CODE_SIGN_STYLE = Automatic;
				INFOPLIST_FILE = "Assignment 1/Info.plist";
				LD_RUNPATH_SEARCH_PATHS = (
					"$(inherited)",
					"@executable_path/Frameworks",
				);
				PRODUCT_BUNDLE_IDENTIFIER = "au.edu.unisa.stem.Assignment-1";
				PRODUCT_NAME = "$(TARGET_NAME)";
				SWIFT_VERSION = 5.0;
				TARGETED_DEVICE_FAMILY = "1,2";
			};
			name = Release;
		};
		07186BF426EC7F8B00DA846B /* Debug */ = {
			isa = XCBuildConfiguration;
			buildSettings = {
				ALWAYS_EMBED_SWIFT_STANDARD_LIBRARIES = YES;
				BUNDLE_LOADER = "$(TEST_HOST)";
				CODE_SIGN_STYLE = Automatic;
				INFOPLIST_FILE = "Assignment 1Tests/Info.plist";
				IPHONEOS_DEPLOYMENT_TARGET = 14.0;
				LD_RUNPATH_SEARCH_PATHS = (
					"$(inherited)",
					"@executable_path/Frameworks",
					"@loader_path/Frameworks",
				);
				PRODUCT_BUNDLE_IDENTIFIER = "au.edu.unisa.stem.Assignment-1Tests";
				PRODUCT_NAME = "$(TARGET_NAME)";
				SWIFT_VERSION = 5.0;
				TARGETED_DEVICE_FAMILY = "1,2";
				TEST_HOST = "$(BUILT_PRODUCTS_DIR)/Assignment 1.app/Assignment 1";
			};
			name = Debug;
		};
		07186BF526EC7F8B00DA846B /* Release */ = {
			isa = XCBuildConfiguration;
			buildSettings = {
				ALWAYS_EMBED_SWIFT_STANDARD_LIBRARIES = YES;
				BUNDLE_LOADER = "$(TEST_HOST)";
				CODE_SIGN_STYLE = Automatic;
				INFOPLIST_FILE = "Assignment 1Tests/Info.plist";
				IPHONEOS_DEPLOYMENT_TARGET = 14.0;
				LD_RUNPATH_SEARCH_PATHS = (
					"$(inherited)",
					"@executable_path/Frameworks",
					"@loader_path/Frameworks",
				);
				PRODUCT_BUNDLE_IDENTIFIER = "au.edu.unisa.stem.Assignment-1Tests";
				PRODUCT_NAME = "$(TARGET_NAME)";
				SWIFT_VERSION = 5.0;
				TARGETED_DEVICE_FAMILY = "1,2";
				TEST_HOST = "$(BUILT_PRODUCTS_DIR)/Assignment 1.app/Assignment 1";
			};
			name = Release;
		};
		07186BF726EC7F8B00DA846B /* Debug */ = {
			isa = XCBuildConfiguration;
			buildSettings = {
				ALWAYS_EMBED_SWIFT_STANDARD_LIBRARIES = YES;
				CODE_SIGN_STYLE = Automatic;
				INFOPLIST_FILE = "Assignment 1UITests/Info.plist";
				LD_RUNPATH_SEARCH_PATHS = (
					"$(inherited)",
					"@executable_path/Frameworks",
					"@loader_path/Frameworks",
				);
				PRODUCT_BUNDLE_IDENTIFIER = "au.edu.unisa.stem.Assignment-1UITests";
				PRODUCT_NAME = "$(TARGET_NAME)";
				SWIFT_VERSION = 5.0;
				TARGETED_DEVICE_FAMILY = "1,2";
				TEST_TARGET_NAME = "Assignment 1";
			};
			name = Debug;
		};
		07186BF826EC7F8B00DA846B /* Release */ = {
			isa = XCBuildConfiguration;
			buildSettings = {
				ALWAYS_EMBED_SWIFT_STANDARD_LIBRARIES = YES;
				CODE_SIGN_STYLE = Automatic;
				INFOPLIST_FILE = "Assignment 1UITests/Info.plist";
				LD_RUNPATH_SEARCH_PATHS = (
					"$(inherited)",
					"@executable_path/Frameworks",
					"@loader_path/Frameworks",
				);
				PRODUCT_BUNDLE_IDENTIFIER = "au.edu.unisa.stem.Assignment-1UITests";
				PRODUCT_NAME = "$(TARGET_NAME)";
				SWIFT_VERSION = 5.0;
				TARGETED_DEVICE_FAMILY = "1,2";
				TEST_TARGET_NAME = "Assignment 1";
			};
			name = Release;
		};
/* End XCBuildConfiguration section */

/* Begin XCConfigurationList section */
		07186BC126EC7F8A00DA846B /* Build configuration list for PBXProject "Assignment 1" */ = {
			isa = XCConfigurationList;
			buildConfigurations = (
				07186BEE26EC7F8B00DA846B /* Debug */,
				07186BEF26EC7F8B00DA846B /* Release */,
			);
			defaultConfigurationIsVisible = 0;
			defaultConfigurationName = Release;
		};
		07186BF026EC7F8B00DA846B /* Build configuration list for PBXNativeTarget "Assignment 1" */ = {
			isa = XCConfigurationList;
			buildConfigurations = (
				07186BF126EC7F8B00DA846B /* Debug */,
				07186BF226EC7F8B00DA846B /* Release */,
			);
			defaultConfigurationIsVisible = 0;
			defaultConfigurationName = Release;
		};
		07186BF326EC7F8B00DA846B /* Build configuration list for PBXNativeTarget "Assignment 1Tests" */ = {
			isa = XCConfigurationList;
			buildConfigurations = (
				07186BF426EC7F8B00DA846B /* Debug */,
				07186BF526EC7F8B00DA846B /* Release */,
			);
			defaultConfigurationIsVisible = 0;
			defaultConfigurationName = Release;
		};
		07186BF626EC7F8B00DA846B /* Build configuration list for PBXNativeTarget "Assignment 1UITests" */ = {
			isa = XCConfigurationList;
			buildConfigurations = (
				07186BF726EC7F8B00DA846B /* Debug */,
				07186BF826EC7F8B00DA846B /* Release */,
			);
			defaultConfigurationIsVisible = 0;
			defaultConfigurationName = Release;
		};
/* End XCConfigurationList section */
	};
	rootObject = 07186BBE26EC7F8A00DA846B /* Project object */;
}
